
Microsoft Visual Studio Solution File, Format Version 12.00
# Visual Studio Version 17
VisualStudioVersion = 17.5.33424.131
MinimumVisualStudioVersion = 10.0.40219.1
Project("{FAE04EC0-301F-11D3-BF4B-00C04F79EFBC}") = "TcpListener", "TcpListener\TcpListener.csproj", "{BA837501-4E98-4F1E-AD85-8C20C770916B}"
EndProject
Project("{FAE04EC0-301F-11D3-BF4B-00C04F79EFBC}") = "TcpClient", "TcpClient\TcpClient.csproj", "{E7913823-921F-4A47-BA9C-804FFBDD0553}"
EndProject
Global
	GlobalSection(SolutionConfigurationPlatforms) = preSolution
		Debug|Any CPU = Debug|Any CPU
		Release|Any CPU = Release|Any CPU
	EndGlobalSection
	GlobalSection(ProjectConfigurationPlatforms) = postSolution
		{BA837501-4E98-4F1E-AD85-8C20C770916B}.Debug|Any CPU.ActiveCfg = Debug|Any CPU
		{BA837501-4E98-4F1E-AD85-8C20C770916B}.Debug|Any CPU.Build.0 = Debug|Any CPU
		{BA837501-4E98-4F1E-AD85-8C20C770916B}.Release|Any CPU.ActiveCfg = Release|Any CPU
		{BA837501-4E98-4F1E-AD85-8C20C770916B}.Release|Any CPU.Build.0 = Release|Any CPU
		{E7913823-921F-4A47-BA9C-804FFBDD0553}.Debug|Any CPU.ActiveCfg = Debug|Any CPU
		{E7913823-921F-4A47-BA9C-804FFBDD0553}.Debug|Any CPU.Build.0 = Debug|Any CPU
		{E7913823-921F-4A47-BA9C-804FFBDD0553}.Release|Any CPU.ActiveCfg = Release|Any CPU
		{E7913823-921F-4A47-BA9C-804FFBDD0553}.Release|Any CPU.Build.0 = Release|Any CPU
	EndGlobalSection
	GlobalSection(SolutionProperties) = preSolution
		HideSolutionNode = FALSE
	EndGlobalSection
	GlobalSection(ExtensibilityGlobals) = postSolution
		SolutionGuid = {12656327-7BD9-48E7-BEF1-A28B37D49C3B}
	EndGlobalSection
EndGlobal
