
Microsoft Visual Studio Solution File, Format Version 12.00
# Visual Studio Version 17
VisualStudioVersion = 17.4.33213.308
MinimumVisualStudioVersion = 10.0.40219.1
Project("{FAE04EC0-301F-11D3-BF4B-00C04F79EFBC}") = "Calculator", "Calculator\Calculator.csproj", "{4D48F32C-CA06-4B21-80B3-D32159E55D6B}"
EndProject
Global
	GlobalSection(SolutionConfigurationPlatforms) = preSolution
		Debug|Any CPU = Debug|Any CPU
		Release|Any CPU = Release|Any CPU
	EndGlobalSection
	GlobalSection(ProjectConfigurationPlatforms) = postSolution
		{4D48F32C-CA06-4B21-80B3-D32159E55D6B}.Debug|Any CPU.ActiveCfg = Debug|Any CPU
		{4D48F32C-CA06-4B21-80B3-D32159E55D6B}.Debug|Any CPU.Build.0 = Debug|Any CPU
		{4D48F32C-CA06-4B21-80B3-D32159E55D6B}.Release|Any CPU.ActiveCfg = Release|Any CPU
		{4D48F32C-CA06-4B21-80B3-D32159E55D6B}.Release|Any CPU.Build.0 = Release|Any CPU
	EndGlobalSection
	GlobalSection(SolutionProperties) = preSolution
		HideSolutionNode = FALSE
	EndGlobalSection
	GlobalSection(ExtensibilityGlobals) = postSolution
		SolutionGuid = {14BAEA2F-2BE9-49D4-9BB8-52262B2539EE}
	EndGlobalSection
EndGlobal
