
Microsoft Visual Studio Solution File, Format Version 12.00
# Visual Studio Version 17
VisualStudioVersion = 17.5.33424.131
MinimumVisualStudioVersion = 10.0.40219.1
Project("{FAE04EC0-301F-11D3-BF4B-00C04F79EFBC}") = "API Ipify", "API Ipify\API Ipify.csproj", "{174BA1CE-995A-4337-9208-671AE6F865F8}"
EndProject
Global
	GlobalSection(SolutionConfigurationPlatforms) = preSolution
		Debug|Any CPU = Debug|Any CPU
		Release|Any CPU = Release|Any CPU
	EndGlobalSection
	GlobalSection(ProjectConfigurationPlatforms) = postSolution
		{174BA1CE-995A-4337-9208-671AE6F865F8}.Debug|Any CPU.ActiveCfg = Debug|Any CPU
		{174BA1CE-995A-4337-9208-671AE6F865F8}.Debug|Any CPU.Build.0 = Debug|Any CPU
		{174BA1CE-995A-4337-9208-671AE6F865F8}.Release|Any CPU.ActiveCfg = Release|Any CPU
		{174BA1CE-995A-4337-9208-671AE6F865F8}.Release|Any CPU.Build.0 = Release|Any CPU
	EndGlobalSection
	GlobalSection(SolutionProperties) = preSolution
		HideSolutionNode = FALSE
	EndGlobalSection
	GlobalSection(ExtensibilityGlobals) = postSolution
		SolutionGuid = {B1B896A5-5FEE-44FB-A493-2CC570DE2819}
	EndGlobalSection
EndGlobal
