
Microsoft Visual Studio Solution File, Format Version 12.00
# Visual Studio Version 17
VisualStudioVersion = 17.4.33403.182
MinimumVisualStudioVersion = 10.0.40219.1
Project("{FAE04EC0-301F-11D3-BF4B-00C04F79EFBC}") = "Gas Station Cash Register", "Gas Station Cash Register\Gas Station Cash Register.csproj", "{E4142171-17B2-44DE-A91D-D8F1689F8A95}"
EndProject
Global
	GlobalSection(SolutionConfigurationPlatforms) = preSolution
		Debug|Any CPU = Debug|Any CPU
		Release|Any CPU = Release|Any CPU
	EndGlobalSection
	GlobalSection(ProjectConfigurationPlatforms) = postSolution
		{E4142171-17B2-44DE-A91D-D8F1689F8A95}.Debug|Any CPU.ActiveCfg = Debug|Any CPU
		{E4142171-17B2-44DE-A91D-D8F1689F8A95}.Debug|Any CPU.Build.0 = Debug|Any CPU
		{E4142171-17B2-44DE-A91D-D8F1689F8A95}.Release|Any CPU.ActiveCfg = Release|Any CPU
		{E4142171-17B2-44DE-A91D-D8F1689F8A95}.Release|Any CPU.Build.0 = Release|Any CPU
	EndGlobalSection
	GlobalSection(SolutionProperties) = preSolution
		HideSolutionNode = FALSE
	EndGlobalSection
	GlobalSection(ExtensibilityGlobals) = postSolution
		SolutionGuid = {F705B905-4660-494D-8C17-18ADE774C33C}
	EndGlobalSection
EndGlobal
