
Microsoft Visual Studio Solution File, Format Version 12.00
# Visual Studio Version 17
VisualStudioVersion = 17.5.33424.131
MinimumVisualStudioVersion = 10.0.40219.1
Project("{FAE04EC0-301F-11D3-BF4B-00C04F79EFBC}") = "ChangeWindowMVVM", "ChangeWindowMVVM\ChangeWindowMVVM.csproj", "{541F427B-B300-490E-93B7-36ECDB190618}"
EndProject
Global
	GlobalSection(SolutionConfigurationPlatforms) = preSolution
		Debug|Any CPU = Debug|Any CPU
		Release|Any CPU = Release|Any CPU
	EndGlobalSection
	GlobalSection(ProjectConfigurationPlatforms) = postSolution
		{541F427B-B300-490E-93B7-36ECDB190618}.Debug|Any CPU.ActiveCfg = Debug|Any CPU
		{541F427B-B300-490E-93B7-36ECDB190618}.Debug|Any CPU.Build.0 = Debug|Any CPU
		{541F427B-B300-490E-93B7-36ECDB190618}.Release|Any CPU.ActiveCfg = Release|Any CPU
		{541F427B-B300-490E-93B7-36ECDB190618}.Release|Any CPU.Build.0 = Release|Any CPU
	EndGlobalSection
	GlobalSection(SolutionProperties) = preSolution
		HideSolutionNode = FALSE
	EndGlobalSection
	GlobalSection(ExtensibilityGlobals) = postSolution
		SolutionGuid = {973331AB-1BFE-420D-9359-0F3B28E67C1F}
	EndGlobalSection
EndGlobal
