
Microsoft Visual Studio Solution File, Format Version 12.00
# Visual Studio Version 17
VisualStudioVersion = 17.4.33213.308
MinimumVisualStudioVersion = 10.0.40219.1
Project("{FAE04EC0-301F-11D3-BF4B-00C04F79EFBC}") = "WinFormsApp1", "WinFormsApp1\WinFormsApp1.csproj", "{AC2C86AF-BE24-44A0-9994-F97661E7FF88}"
EndProject
Global
	GlobalSection(SolutionConfigurationPlatforms) = preSolution
		Debug|Any CPU = Debug|Any CPU
		Release|Any CPU = Release|Any CPU
	EndGlobalSection
	GlobalSection(ProjectConfigurationPlatforms) = postSolution
		{AC2C86AF-BE24-44A0-9994-F97661E7FF88}.Debug|Any CPU.ActiveCfg = Debug|Any CPU
		{AC2C86AF-BE24-44A0-9994-F97661E7FF88}.Debug|Any CPU.Build.0 = Debug|Any CPU
		{AC2C86AF-BE24-44A0-9994-F97661E7FF88}.Release|Any CPU.ActiveCfg = Release|Any CPU
		{AC2C86AF-BE24-44A0-9994-F97661E7FF88}.Release|Any CPU.Build.0 = Release|Any CPU
	EndGlobalSection
	GlobalSection(SolutionProperties) = preSolution
		HideSolutionNode = FALSE
	EndGlobalSection
	GlobalSection(ExtensibilityGlobals) = postSolution
		SolutionGuid = {7D246188-CB55-4C34-A1F2-AB650DE89AC9}
	EndGlobalSection
EndGlobal
