
Microsoft Visual Studio Solution File, Format Version 12.00
# Visual Studio Version 17
VisualStudioVersion = 17.5.33424.131
MinimumVisualStudioVersion = 10.0.40219.1
Project("{FAE04EC0-301F-11D3-BF4B-00C04F79EFBC}") = "WpfApp1", "WpfApp1\WpfApp1.csproj", "{E129F24C-8257-4738-8960-EDA3320E75AE}"
EndProject
Global
	GlobalSection(SolutionConfigurationPlatforms) = preSolution
		Debug|Any CPU = Debug|Any CPU
		Release|Any CPU = Release|Any CPU
	EndGlobalSection
	GlobalSection(ProjectConfigurationPlatforms) = postSolution
		{E129F24C-8257-4738-8960-EDA3320E75AE}.Debug|Any CPU.ActiveCfg = Debug|Any CPU
		{E129F24C-8257-4738-8960-EDA3320E75AE}.Debug|Any CPU.Build.0 = Debug|Any CPU
		{E129F24C-8257-4738-8960-EDA3320E75AE}.Release|Any CPU.ActiveCfg = Release|Any CPU
		{E129F24C-8257-4738-8960-EDA3320E75AE}.Release|Any CPU.Build.0 = Release|Any CPU
	EndGlobalSection
	GlobalSection(SolutionProperties) = preSolution
		HideSolutionNode = FALSE
	EndGlobalSection
	GlobalSection(ExtensibilityGlobals) = postSolution
		SolutionGuid = {241D14E2-2E46-47B2-A56A-CE245AA3BCA1}
	EndGlobalSection
EndGlobal
